
Microsoft Visual Studio Solution File, Format Version 12.00
# Visual Studio 14
VisualStudioVersion = 14.0.25420.1
MinimumVisualStudioVersion = 10.0.40219.1
Project("{FAE04EC0-301F-11D3-BF4B-00C04F79EFBC}") = "HesiOpsArch", "HesiOpsArch\HesiOpsArch.csproj", "{5A64F6BD-818B-4EC0-88EF-233426D96DC5}"
EndProject
Project("{FAE04EC0-301F-11D3-BF4B-00C04F79EFBC}") = "Core", "Core\Core.csproj", "{74090C1A-C6BC-4F94-B6E2-1EEB5C6493A6}"
EndProject
Project("{FAE04EC0-301F-11D3-BF4B-00C04F79EFBC}") = "Data", "Data\Data.csproj", "{F3E2931F-509F-4A4A-BCC5-9068D3826720}"
EndProject
Project("{FAE04EC0-301F-11D3-BF4B-00C04F79EFBC}") = "ApplicationService", "ApplicationService\ApplicationService.csproj", "{5CD824EB-1454-41B6-87A9-268AEE05FC00}"
EndProject
Global
	GlobalSection(SolutionConfigurationPlatforms) = preSolution
		Debug|Any CPU = Debug|Any CPU
		Release|Any CPU = Release|Any CPU
	EndGlobalSection
	GlobalSection(ProjectConfigurationPlatforms) = postSolution
		{5A64F6BD-818B-4EC0-88EF-233426D96DC5}.Debug|Any CPU.ActiveCfg = Debug|Any CPU
		{5A64F6BD-818B-4EC0-88EF-233426D96DC5}.Debug|Any CPU.Build.0 = Debug|Any CPU
		{5A64F6BD-818B-4EC0-88EF-233426D96DC5}.Release|Any CPU.ActiveCfg = Release|Any CPU
		{5A64F6BD-818B-4EC0-88EF-233426D96DC5}.Release|Any CPU.Build.0 = Release|Any CPU
		{74090C1A-C6BC-4F94-B6E2-1EEB5C6493A6}.Debug|Any CPU.ActiveCfg = Debug|Any CPU
		{74090C1A-C6BC-4F94-B6E2-1EEB5C6493A6}.Debug|Any CPU.Build.0 = Debug|Any CPU
		{74090C1A-C6BC-4F94-B6E2-1EEB5C6493A6}.Release|Any CPU.ActiveCfg = Release|Any CPU
		{74090C1A-C6BC-4F94-B6E2-1EEB5C6493A6}.Release|Any CPU.Build.0 = Release|Any CPU
		{F3E2931F-509F-4A4A-BCC5-9068D3826720}.Debug|Any CPU.ActiveCfg = Debug|Any CPU
		{F3E2931F-509F-4A4A-BCC5-9068D3826720}.Debug|Any CPU.Build.0 = Debug|Any CPU
		{F3E2931F-509F-4A4A-BCC5-9068D3826720}.Release|Any CPU.ActiveCfg = Release|Any CPU
		{F3E2931F-509F-4A4A-BCC5-9068D3826720}.Release|Any CPU.Build.0 = Release|Any CPU
		{5CD824EB-1454-41B6-87A9-268AEE05FC00}.Debug|Any CPU.ActiveCfg = Debug|Any CPU
		{5CD824EB-1454-41B6-87A9-268AEE05FC00}.Debug|Any CPU.Build.0 = Debug|Any CPU
		{5CD824EB-1454-41B6-87A9-268AEE05FC00}.Release|Any CPU.ActiveCfg = Release|Any CPU
		{5CD824EB-1454-41B6-87A9-268AEE05FC00}.Release|Any CPU.Build.0 = Release|Any CPU
	EndGlobalSection
	GlobalSection(SolutionProperties) = preSolution
		HideSolutionNode = FALSE
	EndGlobalSection
EndGlobal
