
Microsoft Visual Studio Solution File, Format Version 11.00
# Visual Studio 2010
Project("{FAE04EC0-301F-11D3-BF4B-00C04F79EFBC}") = "BasicAuthetication", "BasicAuthetication\BasicAuthetication.csproj", "{D940A03A-46CE-4FE3-AA41-6F5D27C5599E}"
EndProject
Project("{FAE04EC0-301F-11D3-BF4B-00C04F79EFBC}") = "DataAccess", "DataAccess\DataAccess.csproj", "{286743B6-ACD3-4138-A4DB-B669BE13FE67}"
EndProject
Global
	GlobalSection(SolutionConfigurationPlatforms) = preSolution
		Debug|Any CPU = Debug|Any CPU
		Release|Any CPU = Release|Any CPU
	EndGlobalSection
	GlobalSection(ProjectConfigurationPlatforms) = postSolution
		{D940A03A-46CE-4FE3-AA41-6F5D27C5599E}.Debug|Any CPU.ActiveCfg = Debug|Any CPU
		{D940A03A-46CE-4FE3-AA41-6F5D27C5599E}.Debug|Any CPU.Build.0 = Debug|Any CPU
		{D940A03A-46CE-4FE3-AA41-6F5D27C5599E}.Release|Any CPU.ActiveCfg = Release|Any CPU
		{D940A03A-46CE-4FE3-AA41-6F5D27C5599E}.Release|Any CPU.Build.0 = Release|Any CPU
		{286743B6-ACD3-4138-A4DB-B669BE13FE67}.Debug|Any CPU.ActiveCfg = Debug|Any CPU
		{286743B6-ACD3-4138-A4DB-B669BE13FE67}.Debug|Any CPU.Build.0 = Debug|Any CPU
		{286743B6-ACD3-4138-A4DB-B669BE13FE67}.Release|Any CPU.ActiveCfg = Release|Any CPU
		{286743B6-ACD3-4138-A4DB-B669BE13FE67}.Release|Any CPU.Build.0 = Release|Any CPU
	EndGlobalSection
	GlobalSection(SolutionProperties) = preSolution
		HideSolutionNode = FALSE
	EndGlobalSection
EndGlobal
