
Microsoft Visual Studio Solution File, Format Version 12.00
# Visual Studio 14
VisualStudioVersion = 14.0.25420.1
MinimumVisualStudioVersion = 10.0.40219.1
Project("{FAE04EC0-301F-11D3-BF4B-00C04F79EFBC}") = "WebApiExc", "WebApiExc\WebApiExc.csproj", "{E964D906-B17B-4783-93F0-83F923DD1220}"
EndProject
Project("{FAE04EC0-301F-11D3-BF4B-00C04F79EFBC}") = "BusinessEntities", "BusinessEntities\BusinessEntities.csproj", "{C4998BE7-3B8F-440A-8F42-1980540A0A75}"
EndProject
Project("{FAE04EC0-301F-11D3-BF4B-00C04F79EFBC}") = "BusinessServices", "BusinessServices\BusinessServices.csproj", "{BC8F9F8D-1559-41D0-B070-0C7A11077044}"
EndProject
Project("{FAE04EC0-301F-11D3-BF4B-00C04F79EFBC}") = "DataModel", "DataModel\DataModel.csproj", "{645AD226-43DD-42B4-BC11-C07CF39A4F6C}"
EndProject
Global
	GlobalSection(SolutionConfigurationPlatforms) = preSolution
		Debug|Any CPU = Debug|Any CPU
		Release|Any CPU = Release|Any CPU
	EndGlobalSection
	GlobalSection(ProjectConfigurationPlatforms) = postSolution
		{E964D906-B17B-4783-93F0-83F923DD1220}.Debug|Any CPU.ActiveCfg = Debug|Any CPU
		{E964D906-B17B-4783-93F0-83F923DD1220}.Debug|Any CPU.Build.0 = Debug|Any CPU
		{E964D906-B17B-4783-93F0-83F923DD1220}.Release|Any CPU.ActiveCfg = Release|Any CPU
		{E964D906-B17B-4783-93F0-83F923DD1220}.Release|Any CPU.Build.0 = Release|Any CPU
		{C4998BE7-3B8F-440A-8F42-1980540A0A75}.Debug|Any CPU.ActiveCfg = Debug|Any CPU
		{C4998BE7-3B8F-440A-8F42-1980540A0A75}.Debug|Any CPU.Build.0 = Debug|Any CPU
		{C4998BE7-3B8F-440A-8F42-1980540A0A75}.Release|Any CPU.ActiveCfg = Release|Any CPU
		{C4998BE7-3B8F-440A-8F42-1980540A0A75}.Release|Any CPU.Build.0 = Release|Any CPU
		{BC8F9F8D-1559-41D0-B070-0C7A11077044}.Debug|Any CPU.ActiveCfg = Debug|Any CPU
		{BC8F9F8D-1559-41D0-B070-0C7A11077044}.Debug|Any CPU.Build.0 = Debug|Any CPU
		{BC8F9F8D-1559-41D0-B070-0C7A11077044}.Release|Any CPU.ActiveCfg = Release|Any CPU
		{BC8F9F8D-1559-41D0-B070-0C7A11077044}.Release|Any CPU.Build.0 = Release|Any CPU
		{645AD226-43DD-42B4-BC11-C07CF39A4F6C}.Debug|Any CPU.ActiveCfg = Debug|Any CPU
		{645AD226-43DD-42B4-BC11-C07CF39A4F6C}.Debug|Any CPU.Build.0 = Debug|Any CPU
		{645AD226-43DD-42B4-BC11-C07CF39A4F6C}.Release|Any CPU.ActiveCfg = Release|Any CPU
		{645AD226-43DD-42B4-BC11-C07CF39A4F6C}.Release|Any CPU.Build.0 = Release|Any CPU
	EndGlobalSection
	GlobalSection(SolutionProperties) = preSolution
		HideSolutionNode = FALSE
	EndGlobalSection
EndGlobal
