
Microsoft Visual Studio Solution File, Format Version 12.00
# Visual Studio 14
VisualStudioVersion = 14.0.25420.1
MinimumVisualStudioVersion = 10.0.40219.1
Project("{FAE04EC0-301F-11D3-BF4B-00C04F79EFBC}") = "HesiAcrh", "HesiAcrh\HesiAcrh.csproj", "{C8B35036-2848-47F5-8038-827BCF2D1110}"
EndProject
Project("{FAE04EC0-301F-11D3-BF4B-00C04F79EFBC}") = "Core", "Core\Core.csproj", "{D3FA6981-1978-459C-AEB4-B7250E55D86B}"
EndProject
Project("{FAE04EC0-301F-11D3-BF4B-00C04F79EFBC}") = "Data", "Data\Data.csproj", "{6B3F9083-4A5A-41D5-B159-42023BC013DE}"
EndProject
Project("{FAE04EC0-301F-11D3-BF4B-00C04F79EFBC}") = "Service", "Service\Service.csproj", "{ED24EBAC-B3CA-4818-BA10-A6DD46A498F2}"
EndProject
Global
	GlobalSection(SolutionConfigurationPlatforms) = preSolution
		Debug|Any CPU = Debug|Any CPU
		Release|Any CPU = Release|Any CPU
	EndGlobalSection
	GlobalSection(ProjectConfigurationPlatforms) = postSolution
		{C8B35036-2848-47F5-8038-827BCF2D1110}.Debug|Any CPU.ActiveCfg = Debug|Any CPU
		{C8B35036-2848-47F5-8038-827BCF2D1110}.Debug|Any CPU.Build.0 = Debug|Any CPU
		{C8B35036-2848-47F5-8038-827BCF2D1110}.Release|Any CPU.ActiveCfg = Release|Any CPU
		{C8B35036-2848-47F5-8038-827BCF2D1110}.Release|Any CPU.Build.0 = Release|Any CPU
		{D3FA6981-1978-459C-AEB4-B7250E55D86B}.Debug|Any CPU.ActiveCfg = Debug|Any CPU
		{D3FA6981-1978-459C-AEB4-B7250E55D86B}.Debug|Any CPU.Build.0 = Debug|Any CPU
		{D3FA6981-1978-459C-AEB4-B7250E55D86B}.Release|Any CPU.ActiveCfg = Release|Any CPU
		{D3FA6981-1978-459C-AEB4-B7250E55D86B}.Release|Any CPU.Build.0 = Release|Any CPU
		{6B3F9083-4A5A-41D5-B159-42023BC013DE}.Debug|Any CPU.ActiveCfg = Debug|Any CPU
		{6B3F9083-4A5A-41D5-B159-42023BC013DE}.Debug|Any CPU.Build.0 = Debug|Any CPU
		{6B3F9083-4A5A-41D5-B159-42023BC013DE}.Release|Any CPU.ActiveCfg = Release|Any CPU
		{6B3F9083-4A5A-41D5-B159-42023BC013DE}.Release|Any CPU.Build.0 = Release|Any CPU
		{ED24EBAC-B3CA-4818-BA10-A6DD46A498F2}.Debug|Any CPU.ActiveCfg = Debug|Any CPU
		{ED24EBAC-B3CA-4818-BA10-A6DD46A498F2}.Debug|Any CPU.Build.0 = Debug|Any CPU
		{ED24EBAC-B3CA-4818-BA10-A6DD46A498F2}.Release|Any CPU.ActiveCfg = Release|Any CPU
		{ED24EBAC-B3CA-4818-BA10-A6DD46A498F2}.Release|Any CPU.Build.0 = Release|Any CPU
	EndGlobalSection
	GlobalSection(SolutionProperties) = preSolution
		HideSolutionNode = FALSE
	EndGlobalSection
EndGlobal
